Microsoft Visual Studio Solution File, Format Version 12.00
# Visual Studio 15
VisualStudioVersion = 15.0.27130.2010
MinimumVisualStudioVersion = 15.0.26124.0
Project("{9A19103F-16F7-4668-BE54-9A1E7A4F7556}") = "GridClient", "GridClient\GridClient.csproj", "{0EE2EE1D-02DD-4D5D-B04D-CC64406D8878}"
EndProject
Project("{9A19103F-16F7-4668-BE54-9A1E7A4F7556}") = "Example", "Example\Example.csproj", "{BDCEF23C-1745-4C17-AFDD-03BAA215167B}"
EndProject
Project("{9A19103F-16F7-4668-BE54-9A1E7A4F7556}") = "Tests", "Tests\Tests.csproj", "{05CBFDDD-FF16-42BC-B96D-0E701F7EC7D8}"
EndProject
Project("{FAE04EC0-301F-11D3-BF4B-00C04F79EFBC}") = "GridClient.Data", "GridClient.Data\GridClient.Data.csproj", "{77E41261-8D54-49EF-BC3F-8A42CCC0123D}"
EndProject
Global
	GlobalSection(SolutionConfigurationPlatforms) = preSolution
		Debug|Any CPU = Debug|Any CPU
		Debug|x64 = Debug|x64
		Debug|x86 = Debug|x86
		Release|Any CPU = Release|Any CPU
		Release|x64 = Release|x64
		Release|x86 = Release|x86
	EndGlobalSection
	GlobalSection(ProjectConfigurationPlatforms) = postSolution
		{0EE2EE1D-02DD-4D5D-B04D-CC64406D8878}.Debug|Any CPU.ActiveCfg = Debug|Any CPU
		{0EE2EE1D-02DD-4D5D-B04D-CC64406D8878}.Debug|Any CPU.Build.0 = Debug|Any CPU
		{0EE2EE1D-02DD-4D5D-B04D-CC64406D8878}.Debug|x64.ActiveCfg = Debug|Any CPU
		{0EE2EE1D-02DD-4D5D-B04D-CC64406D8878}.Debug|x64.Build.0 = Debug|Any CPU
		{0EE2EE1D-02DD-4D5D-B04D-CC64406D8878}.Debug|x86.ActiveCfg = Debug|Any CPU
		{0EE2EE1D-02DD-4D5D-B04D-CC64406D8878}.Debug|x86.Build.0 = Debug|Any CPU
		{0EE2EE1D-02DD-4D5D-B04D-CC64406D8878}.Release|Any CPU.ActiveCfg = Release|Any CPU
		{0EE2EE1D-02DD-4D5D-B04D-CC64406D8878}.Release|Any CPU.Build.0 = Release|Any CPU
		{0EE2EE1D-02DD-4D5D-B04D-CC64406D8878}.Release|x64.ActiveCfg = Release|Any CPU
		{0EE2EE1D-02DD-4D5D-B04D-CC64406D8878}.Release|x64.Build.0 = Release|Any CPU
		{0EE2EE1D-02DD-4D5D-B04D-CC64406D8878}.Release|x86.ActiveCfg = Release|Any CPU
		{0EE2EE1D-02DD-4D5D-B04D-CC64406D8878}.Release|x86.Build.0 = Release|Any CPU
		{BDCEF23C-1745-4C17-AFDD-03BAA215167B}.Debug|Any CPU.ActiveCfg = Debug|Any CPU
		{BDCEF23C-1745-4C17-AFDD-03BAA215167B}.Debug|Any CPU.Build.0 = Debug|Any CPU
		{BDCEF23C-1745-4C17-AFDD-03BAA215167B}.Debug|x64.ActiveCfg = Debug|Any CPU
		{BDCEF23C-1745-4C17-AFDD-03BAA215167B}.Debug|x64.Build.0 = Debug|Any CPU
		{BDCEF23C-1745-4C17-AFDD-03BAA215167B}.Debug|x86.ActiveCfg = Debug|Any CPU
		{BDCEF23C-1745-4C17-AFDD-03BAA215167B}.Debug|x86.Build.0 = Debug|Any CPU
		{BDCEF23C-1745-4C17-AFDD-03BAA215167B}.Release|Any CPU.ActiveCfg = Release|Any CPU
		{BDCEF23C-1745-4C17-AFDD-03BAA215167B}.Release|Any CPU.Build.0 = Release|Any CPU
		{BDCEF23C-1745-4C17-AFDD-03BAA215167B}.Release|x64.ActiveCfg = Release|Any CPU
		{BDCEF23C-1745-4C17-AFDD-03BAA215167B}.Release|x64.Build.0 = Release|Any CPU
		{BDCEF23C-1745-4C17-AFDD-03BAA215167B}.Release|x86.ActiveCfg = Release|Any CPU
		{BDCEF23C-1745-4C17-AFDD-03BAA215167B}.Release|x86.Build.0 = Release|Any CPU
		{05CBFDDD-FF16-42BC-B96D-0E701F7EC7D8}.Debug|Any CPU.ActiveCfg = Debug|Any CPU
		{05CBFDDD-FF16-42BC-B96D-0E701F7EC7D8}.Debug|Any CPU.Build.0 = Debug|Any CPU
		{05CBFDDD-FF16-42BC-B96D-0E701F7EC7D8}.Debug|x64.ActiveCfg = Debug|Any CPU
		{05CBFDDD-FF16-42BC-B96D-0E701F7EC7D8}.Debug|x64.Build.0 = Debug|Any CPU
		{05CBFDDD-FF16-42BC-B96D-0E701F7EC7D8}.Debug|x86.ActiveCfg = Debug|Any CPU
		{05CBFDDD-FF16-42BC-B96D-0E701F7EC7D8}.Debug|x86.Build.0 = Debug|Any CPU
		{05CBFDDD-FF16-42BC-B96D-0E701F7EC7D8}.Release|Any CPU.ActiveCfg = Release|Any CPU
		{05CBFDDD-FF16-42BC-B96D-0E701F7EC7D8}.Release|Any CPU.Build.0 = Release|Any CPU
		{05CBFDDD-FF16-42BC-B96D-0E701F7EC7D8}.Release|x64.ActiveCfg = Release|Any CPU
		{05CBFDDD-FF16-42BC-B96D-0E701F7EC7D8}.Release|x64.Build.0 = Release|Any CPU
		{05CBFDDD-FF16-42BC-B96D-0E701F7EC7D8}.Release|x86.ActiveCfg = Release|Any CPU
		{05CBFDDD-FF16-42BC-B96D-0E701F7EC7D8}.Release|x86.Build.0 = Release|Any CPU
		{77E41261-8D54-49EF-BC3F-8A42CCC0123D}.Debug|Any CPU.ActiveCfg = Debug|Any CPU
		{77E41261-8D54-49EF-BC3F-8A42CCC0123D}.Debug|Any CPU.Build.0 = Debug|Any CPU
		{77E41261-8D54-49EF-BC3F-8A42CCC0123D}.Debug|x64.ActiveCfg = Debug|Any CPU
		{77E41261-8D54-49EF-BC3F-8A42CCC0123D}.Debug|x64.Build.0 = Debug|Any CPU
		{77E41261-8D54-49EF-BC3F-8A42CCC0123D}.Debug|x86.ActiveCfg = Debug|Any CPU
		{77E41261-8D54-49EF-BC3F-8A42CCC0123D}.Debug|x86.Build.0 = Debug|Any CPU
		{77E41261-8D54-49EF-BC3F-8A42CCC0123D}.Release|Any CPU.ActiveCfg = Release|Any CPU
		{77E41261-8D54-49EF-BC3F-8A42CCC0123D}.Release|Any CPU.Build.0 = Release|Any CPU
		{77E41261-8D54-49EF-BC3F-8A42CCC0123D}.Release|x64.ActiveCfg = Release|Any CPU
		{77E41261-8D54-49EF-BC3F-8A42CCC0123D}.Release|x64.Build.0 = Release|Any CPU
		{77E41261-8D54-49EF-BC3F-8A42CCC0123D}.Release|x86.ActiveCfg = Release|Any CPU
		{77E41261-8D54-49EF-BC3F-8A42CCC0123D}.Release|x86.Build.0 = Release|Any CPU
	EndGlobalSection
	GlobalSection(SolutionProperties) = preSolution
		HideSolutionNode = FALSE
	EndGlobalSection
	GlobalSection(ExtensibilityGlobals) = postSolution
		SolutionGuid = {6E2E11EF-BDB0-419A-9369-5D8E4F44BF62}
	EndGlobalSection
EndGlobal
